
Microsoft Visual Studio Solution File, Format Version 12.00
# Visual Studio Version 17
VisualStudioVersion = 17.0.31903.59
MinimumVisualStudioVersion = 10.0.40219.1
Project("{FAE04EC0-301F-11D3-BF4B-00C04F79EFBC}") = "Client", "Client\Client.csproj", "{FE67F31B-8E45-4879-98AB-B07C649DBAEA}"
EndProject
Project("{FAE04EC0-301F-11D3-BF4B-00C04F79EFBC}") = "ProcessingServer", "ProcessingServer\ProcessingServer.csproj", "{698FC9DF-C50D-46F0-A335-12AC871B3447}"
EndProject
Project("{FAE04EC0-301F-11D3-BF4B-00C04F79EFBC}") = "DisplayServer", "DisplayServer\DisplayServer.csproj", "{7F62F72A-889E-48D1-94B4-A93FFD52FF8E}"
EndProject
Global
	GlobalSection(SolutionConfigurationPlatforms) = preSolution
		Debug|Any CPU = Debug|Any CPU
		Debug|x64 = Debug|x64
		Debug|x86 = Debug|x86
		Release|Any CPU = Release|Any CPU
		Release|x64 = Release|x64
		Release|x86 = Release|x86
	EndGlobalSection
	GlobalSection(ProjectConfigurationPlatforms) = postSolution
		{FE67F31B-8E45-4879-98AB-B07C649DBAEA}.Debug|Any CPU.ActiveCfg = Debug|Any CPU
		{FE67F31B-8E45-4879-98AB-B07C649DBAEA}.Debug|Any CPU.Build.0 = Debug|Any CPU
		{FE67F31B-8E45-4879-98AB-B07C649DBAEA}.Debug|x64.ActiveCfg = Debug|Any CPU
		{FE67F31B-8E45-4879-98AB-B07C649DBAEA}.Debug|x64.Build.0 = Debug|Any CPU
		{FE67F31B-8E45-4879-98AB-B07C649DBAEA}.Debug|x86.ActiveCfg = Debug|Any CPU
		{FE67F31B-8E45-4879-98AB-B07C649DBAEA}.Debug|x86.Build.0 = Debug|Any CPU
		{FE67F31B-8E45-4879-98AB-B07C649DBAEA}.Release|Any CPU.ActiveCfg = Release|Any CPU
		{FE67F31B-8E45-4879-98AB-B07C649DBAEA}.Release|Any CPU.Build.0 = Release|Any CPU
		{FE67F31B-8E45-4879-98AB-B07C649DBAEA}.Release|x64.ActiveCfg = Release|Any CPU
		{FE67F31B-8E45-4879-98AB-B07C649DBAEA}.Release|x64.Build.0 = Release|Any CPU
		{FE67F31B-8E45-4879-98AB-B07C649DBAEA}.Release|x86.ActiveCfg = Release|Any CPU
		{FE67F31B-8E45-4879-98AB-B07C649DBAEA}.Release|x86.Build.0 = Release|Any CPU
		{698FC9DF-C50D-46F0-A335-12AC871B3447}.Debug|Any CPU.ActiveCfg = Debug|Any CPU
		{698FC9DF-C50D-46F0-A335-12AC871B3447}.Debug|Any CPU.Build.0 = Debug|Any CPU
		{698FC9DF-C50D-46F0-A335-12AC871B3447}.Debug|x64.ActiveCfg = Debug|Any CPU
		{698FC9DF-C50D-46F0-A335-12AC871B3447}.Debug|x64.Build.0 = Debug|Any CPU
		{698FC9DF-C50D-46F0-A335-12AC871B3447}.Debug|x86.ActiveCfg = Debug|Any CPU
		{698FC9DF-C50D-46F0-A335-12AC871B3447}.Debug|x86.Build.0 = Debug|Any CPU
		{698FC9DF-C50D-46F0-A335-12AC871B3447}.Release|Any CPU.ActiveCfg = Release|Any CPU
		{698FC9DF-C50D-46F0-A335-12AC871B3447}.Release|Any CPU.Build.0 = Release|Any CPU
		{698FC9DF-C50D-46F0-A335-12AC871B3447}.Release|x64.ActiveCfg = Release|Any CPU
		{698FC9DF-C50D-46F0-A335-12AC871B3447}.Release|x64.Build.0 = Release|Any CPU
		{698FC9DF-C50D-46F0-A335-12AC871B3447}.Release|x86.ActiveCfg = Release|Any CPU
		{698FC9DF-C50D-46F0-A335-12AC871B3447}.Release|x86.Build.0 = Release|Any CPU
		{7F62F72A-889E-48D1-94B4-A93FFD52FF8E}.Debug|Any CPU.ActiveCfg = Debug|Any CPU
		{7F62F72A-889E-48D1-94B4-A93FFD52FF8E}.Debug|Any CPU.Build.0 = Debug|Any CPU
		{7F62F72A-889E-48D1-94B4-A93FFD52FF8E}.Debug|x64.ActiveCfg = Debug|Any CPU
		{7F62F72A-889E-48D1-94B4-A93FFD52FF8E}.Debug|x64.Build.0 = Debug|Any CPU
		{7F62F72A-889E-48D1-94B4-A93FFD52FF8E}.Debug|x86.ActiveCfg = Debug|Any CPU
		{7F62F72A-889E-48D1-94B4-A93FFD52FF8E}.Debug|x86.Build.0 = Debug|Any CPU
		{7F62F72A-889E-48D1-94B4-A93FFD52FF8E}.Release|Any CPU.ActiveCfg = Release|Any CPU
		{7F62F72A-889E-48D1-94B4-A93FFD52FF8E}.Release|Any CPU.Build.0 = Release|Any CPU
		{7F62F72A-889E-48D1-94B4-A93FFD52FF8E}.Release|x64.ActiveCfg = Release|Any CPU
		{7F62F72A-889E-48D1-94B4-A93FFD52FF8E}.Release|x64.Build.0 = Release|Any CPU
		{7F62F72A-889E-48D1-94B4-A93FFD52FF8E}.Release|x86.ActiveCfg = Release|Any CPU
		{7F62F72A-889E-48D1-94B4-A93FFD52FF8E}.Release|x86.Build.0 = Release|Any CPU
	EndGlobalSection
	GlobalSection(SolutionProperties) = preSolution
		HideSolutionNode = FALSE
	EndGlobalSection
EndGlobal
